{
  "name": "sti-munoz-library-system",
  "lockfileVersion": 2,
  "requires": true,
  "packages": {
    "": {
      "dependencies": {
        "@progress/kendo-theme-default": "^7.0.2"
      }
    },
    "node_modules/@progress/kendo-svg-icons": {
      "version": "2.0.0",
      "resolved": "https://registry.npmjs.org/@progress/kendo-svg-icons/-/kendo-svg-icons-2.0.0.tgz",
      "integrity": "sha512-0eXDk+lgjg6r2TIUBp383sqKQbQZido0S/KnrF3ZEqxJ+rO10K6WSphFINmk0BKqneAaA94RVwPsMb5yOY/PbA=="
    },
    "node_modules/@progress/kendo-theme-core": {
      "version": "7.0.2",
      "resolved": "https://registry.npmjs.org/@progress/kendo-theme-core/-/kendo-theme-core-7.0.2.tgz",
      "integrity": "sha512-poq6dZ/SkKSpfR0agzuWWlX/JXMK9LhBUx0dNWA7NzkEnfvjkmX7rDgPPmy6ZfLFTuMjf1ehKhykxLlATu7c1g=="
    },
    "node_modules/@progress/kendo-theme-default": {
      "version": "7.0.2",
      "resolved": "https://registry.npmjs.org/@progress/kendo-theme-default/-/kendo-theme-default-7.0.2.tgz",
      "integrity": "sha512-t6c9nkEPh0Nafq3XnsxKN4zWv1xSOTfVGoatwKcnSOyWY3iqoLZdiRHITnkzzC/2QLm2ZD4hftEPrq9vfrbV0Q==",
      "dependencies": {
        "@progress/kendo-svg-icons": "2.0.0",
        "@progress/kendo-theme-core": "7.0.2",
        "@progress/kendo-theme-utils": "7.0.2"
      }
    },
    "node_modules/@progress/kendo-theme-utils": {
      "version": "7.0.2",
      "resolved": "https://registry.npmjs.org/@progress/kendo-theme-utils/-/kendo-theme-utils-7.0.2.tgz",
      "integrity": "sha512-jSO8jRMsa5orlDUypB8V0cXn+5i1kVUTKwVCIO53hYkkgsmELnJlJcKo+ToVpKSUH5IX+c5j0XfkTtoJiCAA7w==",
      "dependencies": {
        "@progress/kendo-theme-core": "7.0.2"
      }
    }
  },
  "dependencies": {
    "@progress/kendo-svg-icons": {
      "version": "2.0.0",
      "resolved": "https://registry.npmjs.org/@progress/kendo-svg-icons/-/kendo-svg-icons-2.0.0.tgz",
      "integrity": "sha512-0eXDk+lgjg6r2TIUBp383sqKQbQZido0S/KnrF3ZEqxJ+rO10K6WSphFINmk0BKqneAaA94RVwPsMb5yOY/PbA=="
    },
    "@progress/kendo-theme-core": {
      "version": "7.0.2",
      "resolved": "https://registry.npmjs.org/@progress/kendo-theme-core/-/kendo-theme-core-7.0.2.tgz",
      "integrity": "sha512-poq6dZ/SkKSpfR0agzuWWlX/JXMK9LhBUx0dNWA7NzkEnfvjkmX7rDgPPmy6ZfLFTuMjf1ehKhykxLlATu7c1g=="
    },
    "@progress/kendo-theme-default": {
      "version": "7.0.2",
      "resolved": "https://registry.npmjs.org/@progress/kendo-theme-default/-/kendo-theme-default-7.0.2.tgz",
      "integrity": "sha512-t6c9nkEPh0Nafq3XnsxKN4zWv1xSOTfVGoatwKcnSOyWY3iqoLZdiRHITnkzzC/2QLm2ZD4hftEPrq9vfrbV0Q==",
      "requires": {
        "@progress/kendo-svg-icons": "2.0.0",
        "@progress/kendo-theme-core": "7.0.2",
        "@progress/kendo-theme-utils": "7.0.2"
      }
    },
    "@progress/kendo-theme-utils": {
      "version": "7.0.2",
      "resolved": "https://registry.npmjs.org/@progress/kendo-theme-utils/-/kendo-theme-utils-7.0.2.tgz",
      "integrity": "sha512-jSO8jRMsa5orlDUypB8V0cXn+5i1kVUTKwVCIO53hYkkgsmELnJlJcKo+ToVpKSUH5IX+c5j0XfkTtoJiCAA7w==",
      "requires": {
        "@progress/kendo-theme-core": "7.0.2"
      }
    }
  }
}
