{
  "name": "sti-munoz-library-system",
  "lockfileVersion": 2,
  "requires": true,
  "packages": {
    "": {
      "devDependencies": {
        "@types/lodash": "^4.14.202",
        "@types/scroll-to-element": "^2.0.5"
      }
    },
    "node_modules/@types/lodash": {
      "version": "4.14.202",
      "resolved": "https://registry.npmjs.org/@types/lodash/-/lodash-4.14.202.tgz",
      "integrity": "sha512-OvlIYQK9tNneDlS0VN54LLd5uiPCBOp7gS5Z0f1mjoJYBrtStzgmJBxONW3U6OZqdtNzZPmn9BS/7WI7BFFcFQ==",
      "dev": true
    },
    "node_modules/@types/scroll-to-element": {
      "version": "2.0.5",
      "resolved": "https://registry.npmjs.org/@types/scroll-to-element/-/scroll-to-element-2.0.5.tgz",
      "integrity": "sha512-vMFM0h7dCW/dgz2Xy2OaKoAqwBn30yTxxGNY82ZwvshfZcKYHpu9IZYCvQjqo3XBkodmLvCS+lCNDtZefMEtcg==",
      "dev": true
    }
  },
  "dependencies": {
    "@types/lodash": {
      "version": "4.14.202",
      "resolved": "https://registry.npmjs.org/@types/lodash/-/lodash-4.14.202.tgz",
      "integrity": "sha512-OvlIYQK9tNneDlS0VN54LLd5uiPCBOp7gS5Z0f1mjoJYBrtStzgmJBxONW3U6OZqdtNzZPmn9BS/7WI7BFFcFQ==",
      "dev": true
    },
    "@types/scroll-to-element": {
      "version": "2.0.5",
      "resolved": "https://registry.npmjs.org/@types/scroll-to-element/-/scroll-to-element-2.0.5.tgz",
      "integrity": "sha512-vMFM0h7dCW/dgz2Xy2OaKoAqwBn30yTxxGNY82ZwvshfZcKYHpu9IZYCvQjqo3XBkodmLvCS+lCNDtZefMEtcg==",
      "dev": true
    }
  }
}
